
Microsoft Visual Studio Solution File, Format Version 12.00
# Visual Studio Version 17
VisualStudioVersion = 17.10.35122.118
MinimumVisualStudioVersion = 10.0.40219.1
Project("{FAE04EC0-301F-11D3-BF4B-00C04F79EFBC}") = "ST10114719_MihlaliJacobs_PROG_POE_PART1", "ST10114719_MihlaliJacobs_POE_PART1\ST10114719_MihlaliJacobs_PROG_POE_PART1.csproj", "{FBB27932-5F87-4CCD-8BF5-802BE02C1D54}"
EndProject
Global
	GlobalSection(SolutionConfigurationPlatforms) = preSolution
		Debug|Any CPU = Debug|Any CPU
		Release|Any CPU = Release|Any CPU
	EndGlobalSection
	GlobalSection(ProjectConfigurationPlatforms) = postSolution
		{FBB27932-5F87-4CCD-8BF5-802BE02C1D54}.Debug|Any CPU.ActiveCfg = Debug|Any CPU
		{FBB27932-5F87-4CCD-8BF5-802BE02C1D54}.Debug|Any CPU.Build.0 = Debug|Any CPU
		{FBB27932-5F87-4CCD-8BF5-802BE02C1D54}.Release|Any CPU.ActiveCfg = Release|Any CPU
		{FBB27932-5F87-4CCD-8BF5-802BE02C1D54}.Release|Any CPU.Build.0 = Release|Any CPU
	EndGlobalSection
	GlobalSection(SolutionProperties) = preSolution
		HideSolutionNode = FALSE
	EndGlobalSection
	GlobalSection(ExtensibilityGlobals) = postSolution
		SolutionGuid = {659C0522-E10A-4E10-B93D-F2184FF6AB2B}
	EndGlobalSection
EndGlobal
